
Microsoft Visual Studio Solution File, Format Version 12.00
# Visual Studio Version 17
VisualStudioVersion = 17.9.34701.34
MinimumVisualStudioVersion = 10.0.40219.1
Project("{FAE04EC0-301F-11D3-BF4B-00C04F79EFBC}") = "BisleriumBlog.API", "BisleriumBlog.API\BisleriumBlog.API.csproj", "{62CE4D13-4685-41B2-A8E3-5D91C7DF3DFA}"
EndProject
Project("{FAE04EC0-301F-11D3-BF4B-00C04F79EFBC}") = "BisleriumBlog.DataAccess", "BisleriumBlog.DataAccess\BisleriumBlog.DataAccess.csproj", "{C3E55AA2-D01B-4CE4-8135-249BDC7AF1BD}"
EndProject
Project("{FAE04EC0-301F-11D3-BF4B-00C04F79EFBC}") = "BisleriumBlog.Models", "BisleriumBlog.Models\BisleriumBlog.Models.csproj", "{5B2D5DC9-464E-4D4A-903A-B3F9C30A0D96}"
EndProject
Project("{FAE04EC0-301F-11D3-BF4B-00C04F79EFBC}") = "BisleriumBlog.Utility", "BisleriumBlog.Utility\BisleriumBlog.Utility.csproj", "{C06131D0-6030-437C-AAFA-E56429E88C63}"
EndProject
Global
	GlobalSection(SolutionConfigurationPlatforms) = preSolution
		Debug|Any CPU = Debug|Any CPU
		Release|Any CPU = Release|Any CPU
	EndGlobalSection
	GlobalSection(ProjectConfigurationPlatforms) = postSolution
		{62CE4D13-4685-41B2-A8E3-5D91C7DF3DFA}.Debug|Any CPU.ActiveCfg = Debug|Any CPU
		{62CE4D13-4685-41B2-A8E3-5D91C7DF3DFA}.Debug|Any CPU.Build.0 = Debug|Any CPU
		{62CE4D13-4685-41B2-A8E3-5D91C7DF3DFA}.Release|Any CPU.ActiveCfg = Release|Any CPU
		{62CE4D13-4685-41B2-A8E3-5D91C7DF3DFA}.Release|Any CPU.Build.0 = Release|Any CPU
		{C3E55AA2-D01B-4CE4-8135-249BDC7AF1BD}.Debug|Any CPU.ActiveCfg = Debug|Any CPU
		{C3E55AA2-D01B-4CE4-8135-249BDC7AF1BD}.Debug|Any CPU.Build.0 = Debug|Any CPU
		{C3E55AA2-D01B-4CE4-8135-249BDC7AF1BD}.Release|Any CPU.ActiveCfg = Release|Any CPU
		{C3E55AA2-D01B-4CE4-8135-249BDC7AF1BD}.Release|Any CPU.Build.0 = Release|Any CPU
		{5B2D5DC9-464E-4D4A-903A-B3F9C30A0D96}.Debug|Any CPU.ActiveCfg = Debug|Any CPU
		{5B2D5DC9-464E-4D4A-903A-B3F9C30A0D96}.Debug|Any CPU.Build.0 = Debug|Any CPU
		{5B2D5DC9-464E-4D4A-903A-B3F9C30A0D96}.Release|Any CPU.ActiveCfg = Release|Any CPU
		{5B2D5DC9-464E-4D4A-903A-B3F9C30A0D96}.Release|Any CPU.Build.0 = Release|Any CPU
		{C06131D0-6030-437C-AAFA-E56429E88C63}.Debug|Any CPU.ActiveCfg = Debug|Any CPU
		{C06131D0-6030-437C-AAFA-E56429E88C63}.Debug|Any CPU.Build.0 = Debug|Any CPU
		{C06131D0-6030-437C-AAFA-E56429E88C63}.Release|Any CPU.ActiveCfg = Release|Any CPU
		{C06131D0-6030-437C-AAFA-E56429E88C63}.Release|Any CPU.Build.0 = Release|Any CPU
	EndGlobalSection
	GlobalSection(SolutionProperties) = preSolution
		HideSolutionNode = FALSE
	EndGlobalSection
	GlobalSection(ExtensibilityGlobals) = postSolution
		SolutionGuid = {EE14F0BB-5153-4A30-9DFA-C588D326B377}
	EndGlobalSection
EndGlobal
